
Microsoft Visual Studio Solution File, Format Version 12.00
# Visual Studio 2012
Project("{FAE04EC0-301F-11D3-BF4B-00C04F79EFBC}") = "CodeKicker.BBCode", "CodeKicker.BBCode\CodeKicker.BBCode.csproj", "{1C8A5FB6-633A-43BD-B1B7-75A0DDC308F5}"
EndProject
Project("{FAE04EC0-301F-11D3-BF4B-00C04F79EFBC}") = "CodeKicker.BBCode.Tests", "CodeKicker.BBCode.Tests\CodeKicker.BBCode.Tests.csproj", "{3E76347E-B598-4F3B-9B13-8623466D7D06}"
EndProject
Global
	GlobalSection(SolutionConfigurationPlatforms) = preSolution
		Debug|Any CPU = Debug|Any CPU
		Release|Any CPU = Release|Any CPU
	EndGlobalSection
	GlobalSection(ProjectConfigurationPlatforms) = postSolution
		{1C8A5FB6-633A-43BD-B1B7-75A0DDC308F5}.Debug|Any CPU.ActiveCfg = Debug|Any CPU
		{1C8A5FB6-633A-43BD-B1B7-75A0DDC308F5}.Debug|Any CPU.Build.0 = Debug|Any CPU
		{1C8A5FB6-633A-43BD-B1B7-75A0DDC308F5}.Release|Any CPU.ActiveCfg = Release|Any CPU
		{1C8A5FB6-633A-43BD-B1B7-75A0DDC308F5}.Release|Any CPU.Build.0 = Release|Any CPU
		{3E76347E-B598-4F3B-9B13-8623466D7D06}.Debug|Any CPU.ActiveCfg = Debug|Any CPU
		{3E76347E-B598-4F3B-9B13-8623466D7D06}.Debug|Any CPU.Build.0 = Debug|Any CPU
		{3E76347E-B598-4F3B-9B13-8623466D7D06}.Release|Any CPU.ActiveCfg = Release|Any CPU
		{3E76347E-B598-4F3B-9B13-8623466D7D06}.Release|Any CPU.Build.0 = Release|Any CPU
	EndGlobalSection
	GlobalSection(SolutionProperties) = preSolution
		HideSolutionNode = FALSE
	EndGlobalSection
EndGlobal
